
Microsoft Visual Studio Solution File, Format Version 12.00
# Visual Studio Version 17
VisualStudioVersion = 17.6.33815.320
MinimumVisualStudioVersion = 10.0.40219.1
Project("{9A19103F-16F7-4668-BE54-9A1E7A4F7556}") = "Checkout.Payment.Gateway.Api", "source\Checkout.Payment.Gateway.Api\Checkout.Payment.Gateway.Api.csproj", "{10F63C9A-4DD8-4B44-B643-06517F4565CE}"
EndProject
Project("{2150E333-8FDC-42A3-9474-1A3956D46DE8}") = "Tests", "Tests", "{3DBDA262-8ABC-4DD4-A44D-CAAEF7F00C87}"
EndProject
Project("{9A19103F-16F7-4668-BE54-9A1E7A4F7556}") = "Checkout.Payment.Gateway.Api.UnitTests", "tests\Checkout.Payment.Gateway.Api.UnitTests\Checkout.Payment.Gateway.Api.UnitTests.csproj", "{2EC66A13-E35F-4F67-82A7-805F16697386}"
EndProject
Global
	GlobalSection(SolutionConfigurationPlatforms) = preSolution
		Debug|Any CPU = Debug|Any CPU
		Release|Any CPU = Release|Any CPU
	EndGlobalSection
	GlobalSection(ProjectConfigurationPlatforms) = postSolution
		{10F63C9A-4DD8-4B44-B643-06517F4565CE}.Debug|Any CPU.ActiveCfg = Debug|Any CPU
		{10F63C9A-4DD8-4B44-B643-06517F4565CE}.Debug|Any CPU.Build.0 = Debug|Any CPU
		{10F63C9A-4DD8-4B44-B643-06517F4565CE}.Release|Any CPU.ActiveCfg = Release|Any CPU
		{10F63C9A-4DD8-4B44-B643-06517F4565CE}.Release|Any CPU.Build.0 = Release|Any CPU
		{2EC66A13-E35F-4F67-82A7-805F16697386}.Debug|Any CPU.ActiveCfg = Debug|Any CPU
		{2EC66A13-E35F-4F67-82A7-805F16697386}.Debug|Any CPU.Build.0 = Debug|Any CPU
		{2EC66A13-E35F-4F67-82A7-805F16697386}.Release|Any CPU.ActiveCfg = Release|Any CPU
		{2EC66A13-E35F-4F67-82A7-805F16697386}.Release|Any CPU.Build.0 = Release|Any CPU
	EndGlobalSection
	GlobalSection(SolutionProperties) = preSolution
		HideSolutionNode = FALSE
	EndGlobalSection
	GlobalSection(NestedProjects) = preSolution
		{2EC66A13-E35F-4F67-82A7-805F16697386} = {3DBDA262-8ABC-4DD4-A44D-CAAEF7F00C87}
	EndGlobalSection
	GlobalSection(ExtensibilityGlobals) = postSolution
		SolutionGuid = {A3A8D202-F424-470F-8E3F-DDF7F8780ECF}
	EndGlobalSection
EndGlobal
